#
# This file is autogenerated by pip-compile with Python 3.12
# by the following command:
#
#    pip-compile --output-file=/Volumes/NVMe/Users/jay/Development/tinyagentos-mac-c1/tinyagentos/requirements.lock /Volumes/NVMe/Users/jay/Development/tinyagentos-mac-c1/pyproject.toml
#
aiosqlite==0.22.1
    # via tinyagentos (/Volumes/NVMe/Users/jay/Development/tinyagentos-mac-c1/pyproject.toml)
annotated-doc==0.0.4
    # via
    #   fastapi
    #   typer
annotated-types==0.7.0
    # via pydantic
anyio==4.13.0
    # via
    #   httpx
    #   starlette
    #   watchfiles
certifi==2026.4.22
    # via
    #   httpcore
    #   httpx
click==8.3.3
    # via
    #   typer
    #   uvicorn
fastapi==0.136.1
    # via tinyagentos (/Volumes/NVMe/Users/jay/Development/tinyagentos-mac-c1/pyproject.toml)
filelock==3.29.0
    # via huggingface-hub
flatbuffers==25.12.19
    # via onnxruntime
fsspec==2026.3.0
    # via huggingface-hub
h11==0.16.0
    # via
    #   httpcore
    #   uvicorn
hf-xet==1.4.3
    # via huggingface-hub
httpcore==1.0.9
    # via httpx
httptools==0.7.1
    # via uvicorn
httpx==0.28.1
    # via
    #   huggingface-hub
    #   tinyagentos (/Volumes/NVMe/Users/jay/Development/tinyagentos-mac-c1/pyproject.toml)
huggingface-hub==1.12.0
    # via
    #   tokenizers
    #   transformers
idna==3.13
    # via
    #   anyio
    #   httpx
jinja2==3.1.6
    # via tinyagentos (/Volumes/NVMe/Users/jay/Development/tinyagentos-mac-c1/pyproject.toml)
libtorrent==2.0.11
    # via tinyagentos (/Volumes/NVMe/Users/jay/Development/tinyagentos-mac-c1/pyproject.toml)
markdown-it-py==4.0.0
    # via rich
markupsafe==3.0.3
    # via jinja2
mdurl==0.1.2
    # via markdown-it-py
numpy==2.4.4
    # via
    #   onnxruntime
    #   taosmd
    #   transformers
onnxruntime==1.25.1
    # via taosmd
packaging==26.2
    # via
    #   huggingface-hub
    #   onnxruntime
    #   transformers
protobuf==7.34.1
    # via onnxruntime
psutil==7.2.2
    # via tinyagentos (/Volumes/NVMe/Users/jay/Development/tinyagentos-mac-c1/pyproject.toml)
pydantic==2.13.3
    # via fastapi
pydantic-core==2.46.3
    # via pydantic
pygments==2.20.0
    # via rich
python-dotenv==1.2.2
    # via uvicorn
python-multipart==0.0.27
    # via tinyagentos (/Volumes/NVMe/Users/jay/Development/tinyagentos-mac-c1/pyproject.toml)
pyyaml==6.0.3
    # via
    #   huggingface-hub
    #   tinyagentos (/Volumes/NVMe/Users/jay/Development/tinyagentos-mac-c1/pyproject.toml)
    #   transformers
    #   uvicorn
regex==2026.4.4
    # via transformers
rich==15.0.0
    # via typer
safetensors==0.7.0
    # via transformers
shellingham==1.5.4
    # via typer
starlette==1.0.0
    # via fastapi
taosmd @ git+https://github.com/jaylfc/taosmd.git@master
    # via tinyagentos (/Volumes/NVMe/Users/jay/Development/tinyagentos-mac-c1/pyproject.toml)
tokenizers==0.22.2
    # via transformers
tqdm==4.67.3
    # via
    #   huggingface-hub
    #   transformers
transformers==5.6.2
    # via taosmd
typer==0.25.0
    # via
    #   huggingface-hub
    #   transformers
typing-extensions==4.15.0
    # via
    #   anyio
    #   fastapi
    #   huggingface-hub
    #   pydantic
    #   pydantic-core
    #   starlette
    #   typing-inspection
typing-inspection==0.4.2
    # via
    #   fastapi
    #   pydantic
uvicorn[standard]==0.46.0
    # via tinyagentos (/Volumes/NVMe/Users/jay/Development/tinyagentos-mac-c1/pyproject.toml)
uvloop==0.22.1
    # via uvicorn
watchfiles==1.1.1
    # via uvicorn
websockets==16.0
    # via uvicorn
