# This file was autogenerated by uv via the following command:
#    uv pip compile pyproject.toml -o tinyagentos/requirements.lock --python-version 3.12 --python-platform aarch64-apple-darwin --no-strip-markers
aiofiles==24.1.0
    # via matrix-nio
aiohappyeyeballs==2.7.1
    # via aiohttp
aiohttp==3.14.1
    # via
    #   aiohttp-socks
    #   matrix-nio
    #   pywebpush
aiohttp-socks==0.11.0
    # via matrix-nio
aiosignal==1.4.0
    # via aiohttp
aiosqlite==0.22.1
    # via tinyagentos (pyproject.toml)
annotated-doc==0.0.4
    # via
    #   fastapi
    #   typer
annotated-types==0.7.0
    # via pydantic
anyio==4.13.0
    # via
    #   httpx
    #   starlette
    #   watchfiles
argon2-cffi==25.1.0
    # via tinyagentos (pyproject.toml)
argon2-cffi-bindings==25.1.0
    # via argon2-cffi
attrs==26.1.0
    # via
    #   aiohttp
    #   jsonschema
    #   referencing
certifi==2026.4.22
    # via
    #   httpcore
    #   httpx
    #   requests
cffi==2.0.0 ; python_full_version < '3.14' or platform_python_implementation != 'PyPy'
    # via
    #   argon2-cffi-bindings
    #   cryptography
chardet==7.4.3
    # via readability-lxml
charset-normalizer==3.4.7
    # via requests
click==8.3.3
    # via
    #   typer
    #   uvicorn
coloredlogs==15.0.1
    # via onnxruntime
cryptography==49.0.0
    # via
    #   http-ece
    #   py-vapid
    #   pywebpush
cssselect==1.4.0
    # via readability-lxml
diff-match-patch==20241021
    # via tinyagentos (pyproject.toml)
fastapi==0.136.1
    # via tinyagentos (pyproject.toml)
filelock==3.29.0
    # via huggingface-hub
flatbuffers==25.12.19
    # via onnxruntime
frozenlist==1.8.0
    # via
    #   aiohttp
    #   aiosignal
fsspec==2026.3.0
    # via huggingface-hub
h11==0.16.0
    # via
    #   httpcore
    #   matrix-nio
    #   uvicorn
h2==4.3.0
    # via matrix-nio
hf-xet==1.4.3 ; platform_machine == 'AMD64' or platform_machine == 'aarch64' or platform_machine == 'amd64' or platform_machine == 'arm64' or platform_machine == 'x86_64'
    # via huggingface-hub
hpack==4.2.0
    # via h2
http-ece==1.2.1
    # via pywebpush
httpcore==1.0.9
    # via httpx
httptools==0.8.0
    # via uvicorn
httpx==0.28.1
    # via
    #   tinyagentos (pyproject.toml)
    #   huggingface-hub
huggingface-hub==1.12.0
    # via
    #   tokenizers
    #   transformers
humanfriendly==10.0
    # via coloredlogs
hyperframe==6.1.0
    # via h2
idna==3.13
    # via
    #   anyio
    #   httpx
    #   requests
    #   yarl
ifaddr==0.2.0
    # via zeroconf
jinja2==3.1.6
    # via tinyagentos (pyproject.toml)
jsonschema==4.26.0
    # via matrix-nio
jsonschema-specifications==2025.9.1
    # via jsonschema
lxml==6.1.1
    # via
    #   tinyagentos (pyproject.toml)
    #   lxml-html-clean
    #   readability-lxml
lxml-html-clean==0.4.5
    # via lxml
markdown-it-py==4.0.0
    # via rich
markupsafe==3.0.3
    # via jinja2
matrix-nio==0.25.2
    # via tinyagentos (pyproject.toml)
mdurl==0.1.2
    # via markdown-it-py
mpmath==1.3.0
    # via sympy
multidict==6.7.1
    # via
    #   aiohttp
    #   yarl
numpy==2.4.4
    # via
    #   onnxruntime
    #   taosmd
    #   transformers
onnxruntime==1.23.2
    # via taosmd
packaging==26.2
    # via
    #   huggingface-hub
    #   onnxruntime
    #   transformers
pillow==12.3.0
    # via tinyagentos (pyproject.toml)
propcache==0.5.2
    # via
    #   aiohttp
    #   yarl
protobuf==7.34.1
    # via onnxruntime
psutil==7.2.2
    # via tinyagentos (pyproject.toml)
py-vapid==1.9.4
    # via pywebpush
pycparser==3.0 ; (python_full_version < '3.14' and implementation_name != 'PyPy') or (implementation_name != 'PyPy' and platform_python_implementation != 'PyPy')
    # via cffi
pycryptodome==3.23.0
    # via matrix-nio
pydantic==2.13.3
    # via fastapi
pydantic-core==2.46.3
    # via pydantic
pygments==2.20.0
    # via rich
python-dotenv==1.2.2
    # via uvicorn
python-multipart==0.0.27
    # via tinyagentos (pyproject.toml)
python-socks==2.8.2
    # via aiohttp-socks
pywebpush==2.3.0
    # via tinyagentos (pyproject.toml)
pyyaml==6.0.3
    # via
    #   tinyagentos (pyproject.toml)
    #   huggingface-hub
    #   transformers
    #   uvicorn
readability-lxml==0.8.4.1
    # via tinyagentos (pyproject.toml)
referencing==0.37.0
    # via
    #   jsonschema
    #   jsonschema-specifications
regex==2026.4.4
    # via transformers
requests==2.34.2
    # via pywebpush
rich==15.0.0
    # via typer
rpds-py==2026.6.3
    # via
    #   jsonschema
    #   referencing
safetensors==0.7.0
    # via transformers
shellingham==1.5.4
    # via typer
sqlcipher3==0.6.2
    # via tinyagentos (pyproject.toml)
starlette==1.0.0
    # via fastapi
sympy==1.14.0
    # via onnxruntime
taosmd==0.4.0
    # via tinyagentos (pyproject.toml)
tokenizers==0.22.2
    # via transformers
tqdm==4.67.3
    # via
    #   huggingface-hub
    #   transformers
transformers==5.6.2
    # via taosmd
typer==0.25.0
    # via
    #   huggingface-hub
    #   transformers
typing-extensions==4.15.0
    # via
    #   aiohttp
    #   aiosignal
    #   anyio
    #   fastapi
    #   huggingface-hub
    #   pydantic
    #   pydantic-core
    #   referencing
    #   starlette
    #   typing-inspection
typing-inspection==0.4.2
    # via
    #   fastapi
    #   pydantic
unpaddedbase64==2.1.0
    # via matrix-nio
urllib3==2.7.0
    # via requests
uvicorn==0.49.0
    # via tinyagentos (pyproject.toml)
uvloop==0.22.1 ; platform_python_implementation != 'PyPy' and sys_platform != 'cygwin' and sys_platform != 'win32'
    # via uvicorn
watchfiles==1.1.1
    # via uvicorn
websockets==16.0
    # via
    #   tinyagentos (pyproject.toml)
    #   uvicorn
yarl==1.24.2
    # via aiohttp
zeroconf==0.150.0
    # via tinyagentos (pyproject.toml)
